{
 "utc": "2026-10-08T21:55:49.618390+00:00",
 "slug": "davideferante/esm2-j-ipsc-01a11c35-r4",
 "prepared_sha256": "85da8fb9663d118956e29b6703a04ecb623a8df7916c38538a02c9de995a0a70",
 "slots_sha256": "93d870c94d82f77b3d0bf750119ff9d6feb2b9dd21470dac53ca4e2f58ac5e2b",
 "human_fit_message": "explicit C/J approval in this chat: call_19aa555691d3489b86f2cb1e6acd364e item 0",
 "human_transfer_message": "User explicitly requests other Kaggle accounts in this chat; private route chosen"
}