{
 "utc": "2026-10-08T20:34:43.239690+00:00",
 "slug": "davideferrante11/esm2-t-01a11c35-r3",
 "prepared_sha256": "566f9d8a3021dcef7c3d94f8572fbd766021400e62ab8be8294bb055768eda88",
 "slots_sha256": "eacca2dd04e6cd9e33dc528c5fc919ccc6a190b8f4cc2dc6762ddeb1dcbca5c1",
 "human_fit_message": "01a11d0c-c3b1-7bf0-81a4-fecea099454c",
 "human_transfer_message": "01a11d1d-cf01-7df2-bd1c-d04b45eb470f"
}