{
 "utc": "2026-10-08T20:34:23.035993+00:00",
 "slug": "davideferrante11/esm2-production-01a11c35-r4",
 "prepared_sha256": "74434be65939c1362df23cd32e3522108aed337d137922d66bc1aa2d5580987e",
 "slots_sha256": "eacca2dd04e6cd9e33dc528c5fc919ccc6a190b8f4cc2dc6762ddeb1dcbca5c1",
 "human_fit_message": "01a11d0c-c3b1-7bf0-81a4-fecea099454c",
 "human_transfer_message": "01a11d1d-cf01-7df2-bd1c-d04b45eb470f"
}