{
 "utc": "2026-10-08T22:10:07.366396+00:00",
 "slug": "davideferante/esm2-j-ipsc-access-01a11c35-r1",
 "source_sha256": "f5526f9c48f83b29d2a3cdf2a5dca38c1ac16386a467ee9193eb23e29fd151c8",
 "metadata_sha256": "a2ba0b6236213f013514699f1432deffe87d7c9b7f0a5cb3973a7d0fc7a3d6c5",
 "slots_sha256": "8b7f479c29df492bc2dcfb99c39f6fb2625c5657f7405f80ddd5646f80a5d371",
 "approval": "call_617ab433f8a74ae79fbdf3ada3933036 item 0: S\u00ec, autorizzo il singolo job diagnostico",
 "scope": "one private remote first-chunk hash diagnostic; no training; no local RNA"
}