{
 "utc": "2026-10-08T20:25:11.323349+00:00",
 "slug": "davideferrante11/esm2-production-01a11c35-r3",
 "prepared_sha256": "6c05f4860e790308320b96ab40cc0ad4497f14f66f742dcceade2cd7089afbc7",
 "slots_sha256": "3f1f247d6f068e8998c20bb1fd439fb9e8d5249d6c9e0af40505642e9e161937",
 "human_fit_message": "01a11d0c-c3b1-7bf0-81a4-fecea099454c",
 "human_transfer_message": "01a11d1d-cf01-7df2-bd1c-d04b45eb470f"
}