{
 "utc": "2026-10-08T20:28:08.791761+00:00",
 "slug": "davideferrante11/esm2-t-01a11c35-r2",
 "prepared_sha256": "58c20ac3fbf4f5fc276146d626f1341d368bbf28f2a296cb3eb4f6c6d7129fec",
 "slots_sha256": "5dbc2fa4426177b1392688986bf1936ff1970f066bd2f6147f4a73f5f1bc092e",
 "human_fit_message": "01a11d0c-c3b1-7bf0-81a4-fecea099454c",
 "human_transfer_message": "01a11d1d-cf01-7df2-bd1c-d04b45eb470f"
}