{
 "utc": "2026-10-08T21:22:40.129098+00:00",
 "slug": "davidmaisterx/esm2-c-ipsc-01a11c35-r2",
 "prepared_sha256": "66ff0ec0e807a30f956002be806a027b9cb51477f2c9a36a04ab506a4b3aabd0",
 "slots_sha256": "84ea4575e91685cb7d989c5919dd883653a9fc245b296f10a96555bef4c53b60",
 "human_fit_message": "explicit C/J approval in this chat: call_19aa555691d3489b86f2cb1e6acd364e item 0",
 "human_transfer_message": "User explicitly requests other Kaggle accounts in this chat; private route chosen"
}