{
 "utc": "2026-10-08T21:16:16.823929+00:00",
 "slug": "davideferrante11/esm2-c-k562-01a11c35-r1",
 "prepared_sha256": "5eba4345e10d2ecb8699989077ef1da90c374c36ee18e31d34a38f0d6fc26827",
 "slots_sha256": "84ea4575e91685cb7d989c5919dd883653a9fc245b296f10a96555bef4c53b60",
 "human_fit_message": "explicit C/J approval in this chat: call_19aa555691d3489b86f2cb1e6acd364e item 0",
 "human_transfer_message": "01a11d1d-cf01-7df2-bd1c-d04b45eb470f"
}