{
 "utc": "2026-10-09T00:08:22.076438+00:00",
 "slug": "davideferrante11/esm2-j-ipsc-01a11c35-r1",
 "prepared_sha256": "c92a78a7ae42657145c121542f81eeb0ee6d32d380a102f6d2c93dfec73e2ad2",
 "slots_sha256": "884bef418ac76c23d1aa85cc20de2192b8c46083f6b2a378ff400aff1fcd9945",
 "human_fit_message": "explicit C/J approval in this chat: call_19aa555691d3489b86f2cb1e6acd364e item 0",
 "human_transfer_message": "User explicitly requests other Kaggle accounts in this chat; private route chosen"
}