{
 "utc": "2026-10-08T22:20:10.547593+00:00",
 "slug": "davideferante/esm2-j-ipsc-01a11c35-r5",
 "prepared_sha256": "0ae813b837cb11a644eea79acb24e945a8bd219fd4e102a2b6ce13e150f460ed",
 "slots_sha256": "fce747298fdabdd60447553db201bfd702d892e44694dcf74357e20a4a6c85c1",
 "human_fit_message": "explicit C/J approval in this chat: call_19aa555691d3489b86f2cb1e6acd364e item 0",
 "human_transfer_message": "User explicitly requests other Kaggle accounts in this chat; private route chosen"
}