{
 "utc": "2026-10-08T21:23:05.082905+00:00",
 "slug": "davideferante/esm2-j-ipsc-01a11c35-r2",
 "prepared_sha256": "62fd7205484d723f5a15f0f7a74b00fbbca51bff0df940766f667210ad261c13",
 "slots_sha256": "84ea4575e91685cb7d989c5919dd883653a9fc245b296f10a96555bef4c53b60",
 "human_fit_message": "explicit C/J approval in this chat: call_19aa555691d3489b86f2cb1e6acd364e item 0",
 "human_transfer_message": "User explicitly requests other Kaggle accounts in this chat; private route chosen"
}